dependencies:
- name: accounts-db
  repository: file://../accounts-db
  version: 0.1.0
- name: cash-db
  repository: file://../cash-db
  version: 0.1.0
- name: transfer-db
  repository: file://../transfer-db
  version: 0.1.0
- name: kafka
  repository: https://helm-charts.itboon.top/kafka
  version: 18.0.1
- name: zipkin
  repository: file://../zipkin
  version: 0.1.0
- name: prometheus
  repository: file://../prometheus
  version: 0.1.0
- name: grafana
  repository: file://../grafana
  version: 1.0.0
- name: elasticsearch
  repository: file://../elasticsearch
  version: 0.1.0
- name: logstash
  repository: file://../logstash
  version: 0.1.0
- name: kibana
  repository: file://../kibana
  version: 0.1.0
- name: api-gateway
  repository: file://../api-gateway
  version: 0.1.0
- name: accounts-service
  repository: file://../accounts-service
  version: 0.1.0
- name: cash-service
  repository: file://../cash-service
  version: 0.1.0
- name: transfer-service
  repository: file://../transfer-service
  version: 0.1.0
- name: notifications-service
  repository: file://../notifications-service
  version: 0.1.0
- name: front-controller
  repository: file://../front-controller
  version: 0.1.0
digest: sha256:c2975a288f3cde387811432d93d4c5e4b6b416505067791156d9a2579ef91abd
generated: "2026-03-04T19:53:15.639025+01:00"
