dependencies:
- name: accounts-db
  repository: file://../accounts-db
  version: 0.1.0
- name: cash-db
  repository: file://../cash-db
  version: 0.1.0
- name: transfer-db
  repository: file://../transfer-db
  version: 0.1.0
- name: kafka
  repository: https://helm-charts.itboon.top/kafka
  version: 18.0.1
- name: zipkin
  repository: file://../zipkin
  version: 0.1.0
- name: api-gateway
  repository: file://../api-gateway
  version: 0.1.0
- name: accounts-service
  repository: file://../accounts-service
  version: 0.1.0
- name: cash-service
  repository: file://../cash-service
  version: 0.1.0
- name: transfer-service
  repository: file://../transfer-service
  version: 0.1.0
- name: notifications-service
  repository: file://../notifications-service
  version: 0.1.0
- name: front-controller
  repository: file://../front-controller
  version: 0.1.0
digest: sha256:9f40aa39e06ac5b201c6b6ff972ea74d0f1a1c12e9abcc72ea0b5f1ab10b9067
generated: "2026-03-02T20:40:14.523595+01:00"
