dependencies:
- name: accounts-db
  repository: file://../accounts-db
  version: 0.1.0
- name: cash-db
  repository: file://../cash-db
  version: 0.1.0
- name: transfer-db
  repository: file://../transfer-db
  version: 0.1.0
- name: kafka
  repository: https://helm-charts.itboon.top/kafka
  version: 18.0.1
- name: zipkin
  repository: file://../zipkin
  version: 0.1.0
- name: prometheus
  repository: file://../prometheus
  version: 0.1.0
- name: grafana
  repository: file://../grafana
  version: 1.0.0
- name: elasticsearch
  repository: file://../elasticsearch
  version: 0.1.0
- name: logstash
  repository: file://../logstash
  version: 0.1.0
- name: api-gateway
  repository: file://../api-gateway
  version: 0.1.0
- name: accounts-service
  repository: file://../accounts-service
  version: 0.1.0
- name: cash-service
  repository: file://../cash-service
  version: 0.1.0
- name: transfer-service
  repository: file://../transfer-service
  version: 0.1.0
- name: notifications-service
  repository: file://../notifications-service
  version: 0.1.0
- name: front-controller
  repository: file://../front-controller
  version: 0.1.0
digest: sha256:6a302cf3f21cfcade81e434ab7e52fd8d251aee3eddc5054ad88ee05cb2d3af2
generated: "2026-03-04T18:10:00.986095+01:00"
